
Microsoft Visual Studio Solution File, Format Version 12.00
# Visual Studio Version 17
VisualStudioVersion = 17.6.33712.159
MinimumVisualStudioVersion = 10.0.40219.1
Project("{9A19103F-16F7-4668-BE54-9A1E7A4F7556}") = "RestApi", "RestApi.csproj", "{B3494BA7-F21D-4205-921E-FC61EC839874}"
EndProject
Project("{FAE04EC0-301F-11D3-BF4B-00C04F79EFBC}") = "FruitViceTest", "..\FruitViceTest\FruitViceTest.csproj", "{DB5BF91E-A2A7-4F03-9223-9B68385FAA4E}"
EndProject
Global
	GlobalSection(SolutionConfigurationPlatforms) = preSolution
		Debug|Any CPU = Debug|Any CPU
		Release|Any CPU = Release|Any CPU
	EndGlobalSection
	GlobalSection(ProjectConfigurationPlatforms) = postSolution
		{B3494BA7-F21D-4205-921E-FC61EC839874}.Debug|Any CPU.ActiveCfg = Debug|Any CPU
		{B3494BA7-F21D-4205-921E-FC61EC839874}.Debug|Any CPU.Build.0 = Debug|Any CPU
		{B3494BA7-F21D-4205-921E-FC61EC839874}.Release|Any CPU.ActiveCfg = Release|Any CPU
		{B3494BA7-F21D-4205-921E-FC61EC839874}.Release|Any CPU.Build.0 = Release|Any CPU
		{DB5BF91E-A2A7-4F03-9223-9B68385FAA4E}.Debug|Any CPU.ActiveCfg = Debug|Any CPU
		{DB5BF91E-A2A7-4F03-9223-9B68385FAA4E}.Debug|Any CPU.Build.0 = Debug|Any CPU
		{DB5BF91E-A2A7-4F03-9223-9B68385FAA4E}.Release|Any CPU.ActiveCfg = Release|Any CPU
		{DB5BF91E-A2A7-4F03-9223-9B68385FAA4E}.Release|Any CPU.Build.0 = Release|Any CPU
	EndGlobalSection
	GlobalSection(SolutionProperties) = preSolution
		HideSolutionNode = FALSE
	EndGlobalSection
	GlobalSection(ExtensibilityGlobals) = postSolution
		SolutionGuid = {2BC068B0-A1DF-464B-86C0-2AA75AFC1CF3}
	EndGlobalSection
EndGlobal
